
Microsoft Visual Studio Solution File, Format Version 12.00
# Visual Studio 15
VisualStudioVersion = 15.0.27703.2035
MinimumVisualStudioVersion = 10.0.40219.1
Project("{9092AA53-FB77-4645-B42D-1CCCA6BD08BD}") = "Aktualizator", "..\Aktualizator.njsproj", "{7CD50E1A-6DFB-44C3-AC87-31AFB36CA0EB}"
EndProject
Global
	GlobalSection(SolutionConfigurationPlatforms) = preSolution
		Debug|Any CPU = Debug|Any CPU
		Release|Any CPU = Release|Any CPU
	EndGlobalSection
	GlobalSection(ProjectConfigurationPlatforms) = postSolution
		{7CD50E1A-6DFB-44C3-AC87-31AFB36CA0EB}.Debug|Any CPU.ActiveCfg = Debug|Any CPU
		{7CD50E1A-6DFB-44C3-AC87-31AFB36CA0EB}.Debug|Any CPU.Build.0 = Debug|Any CPU
		{7CD50E1A-6DFB-44C3-AC87-31AFB36CA0EB}.Release|Any CPU.ActiveCfg = Release|Any CPU
		{7CD50E1A-6DFB-44C3-AC87-31AFB36CA0EB}.Release|Any CPU.Build.0 = Release|Any CPU
	EndGlobalSection
	GlobalSection(SolutionProperties) = preSolution
		HideSolutionNode = FALSE
	EndGlobalSection
	GlobalSection(ExtensibilityGlobals) = postSolution
		SolutionGuid = {18939D8A-54CB-49A7-B9AA-0D5A8D49188B}
	EndGlobalSection
EndGlobal
